
Microsoft Visual Studio Solution File, Format Version 12.00
# Visual Studio Version 17
VisualStudioVersion = 17.6.33815.320
MinimumVisualStudioVersion = 10.0.40219.1
Project("{FAE04EC0-301F-11D3-BF4B-00C04F79EFBC}") = "asignment7", "asignment7\asignment7.csproj", "{9266D3A2-8FC0-4992-B720-7FA0F2EA5D5E}"
EndProject
Global
	GlobalSection(SolutionConfigurationPlatforms) = preSolution
		Debug|Any CPU = Debug|Any CPU
		Release|Any CPU = Release|Any CPU
	EndGlobalSection
	GlobalSection(ProjectConfigurationPlatforms) = postSolution
		{9266D3A2-8FC0-4992-B720-7FA0F2EA5D5E}.Debug|Any CPU.ActiveCfg = Debug|Any CPU
		{9266D3A2-8FC0-4992-B720-7FA0F2EA5D5E}.Debug|Any CPU.Build.0 = Debug|Any CPU
		{9266D3A2-8FC0-4992-B720-7FA0F2EA5D5E}.Release|Any CPU.ActiveCfg = Release|Any CPU
		{9266D3A2-8FC0-4992-B720-7FA0F2EA5D5E}.Release|Any CPU.Build.0 = Release|Any CPU
	EndGlobalSection
	GlobalSection(SolutionProperties) = preSolution
		HideSolutionNode = FALSE
	EndGlobalSection
	GlobalSection(ExtensibilityGlobals) = postSolution
		SolutionGuid = {8F374BD2-FFC5-45A9-BADF-CDEA397FB85E}
	EndGlobalSection
EndGlobal
